{
  "nodes": {
    "jovian-nvim": {
      "flake": false,
      "locked": {
        "lastModified": 1765800704,
        "narHash": "sha256-c0g1Oikvaw1WBo28DwCA6s+BpExZ5D6F3iXMzfRrUp0=",
        "ref": "dev",
        "rev": "20222ff49e62db7e512db510eee012d4d8466cba",
        "revCount": 116,
        "type": "git",
        "url": "https://github.com/m-tky/jovian.nvim"
      },
      "original": {
        "ref": "dev",
        "type": "git",
        "url": "https://github.com/m-tky/jovian.nvim"
      }
    },
    "jupytext-nvim": {
      "flake": false,
      "locked": {
        "lastModified": 1712342824,
        "narHash": "sha256-LBBRZOSqn70qruSA/vbPMTzS7y05F/z4EqC+5JlU6NM=",
        "owner": "GCBallesteros",
        "repo": "jupytext.nvim",
        "rev": "c8baf3ad344c59b3abd461ecc17fc16ec44d0f7b",
        "type": "github"
      },
      "original": {
        "owner": "GCBallesteros",
        "repo": "jupytext.nvim",
        "type": "github"
      }
    },
    "nixCats": {
      "locked": {
        "lastModified": 1769578476,
        "narHash": "sha256-4+KbiBcC6hQ3sh0UbPXjy6TOfLh9yhskRlfPzyZ2FH4=",
        "owner": "BirdeeHub",
        "repo": "nixCats-nvim",
        "rev": "48f8be4bdafccfa19ceaaf08071a15eca36fdb1d",
        "type": "github"
      },
      "original": {
        "owner": "BirdeeHub",
        "repo": "nixCats-nvim",
        "type": "github"
      }
    },
    "nixpkgs": {
      "locked": {
        "lastModified": 1769527094,
        "narHash": "sha256-xV20Alb7ZGN7qujnsi5lG1NckSUmpIb05H2Xar73TDc=",
        "owner": "nixos",
        "repo": "nixpkgs",
        "rev": "afce96367b2e37fc29afb5543573cd49db3357b7",
        "type": "github"
      },
      "original": {
        "owner": "nixos",
        "ref": "nixpkgs-unstable",
        "repo": "nixpkgs",
        "type": "github"
      }
    },
    "nvim-treesitter": {
      "flake": false,
      "locked": {
        "lastModified": 1769700152,
        "narHash": "sha256-mSITjO17z0gP+8QX24BOqccGN7R+05iddWF0N8cSacc=",
        "ref": "main",
        "rev": "19c729dae6e0eeb79423df0cf37780aa9a7cc3b7",
        "revCount": 6324,
        "type": "git",
        "url": "https://github.com/nvim-treesitter/nvim-treesitter"
      },
      "original": {
        "ref": "main",
        "type": "git",
        "url": "https://github.com/nvim-treesitter/nvim-treesitter"
      }
    },
    "nvim-treesitter-textobjects": {
      "flake": false,
      "locked": {
        "lastModified": 1769600306,
        "narHash": "sha256-J3D+nbalJqZ4aeFBD7veW6TuI0BEU2jbx5pMEew4dkA=",
        "ref": "main",
        "rev": "a0e182ae21fda68c59d1f36c9ed45600aef50311",
        "revCount": 697,
        "type": "git",
        "url": "https://github.com/nvim-treesitter/nvim-treesitter-textobjects"
      },
      "original": {
        "ref": "main",
        "type": "git",
        "url": "https://github.com/nvim-treesitter/nvim-treesitter-textobjects"
      }
    },
    "root": {
      "inputs": {
        "jovian-nvim": "jovian-nvim",
        "jupytext-nvim": "jupytext-nvim",
        "nixCats": "nixCats",
        "nixpkgs": "nixpkgs",
        "nvim-treesitter": "nvim-treesitter",
        "nvim-treesitter-textobjects": "nvim-treesitter-textobjects"
      }
    }
  },
  "root": "root",
  "version": 7
}
