{
  "nodes": {
    "jovian-nvim": {
      "flake": false,
      "locked": {
        "lastModified": 1765800704,
        "narHash": "sha256-c0g1Oikvaw1WBo28DwCA6s+BpExZ5D6F3iXMzfRrUp0=",
        "ref": "dev",
        "rev": "20222ff49e62db7e512db510eee012d4d8466cba",
        "revCount": 116,
        "type": "git",
        "url": "https://github.com/m-tky/jovian.nvim"
      },
      "original": {
        "ref": "dev",
        "type": "git",
        "url": "https://github.com/m-tky/jovian.nvim"
      }
    },
    "jupytext-nvim": {
      "flake": false,
      "locked": {
        "lastModified": 1712342824,
        "narHash": "sha256-LBBRZOSqn70qruSA/vbPMTzS7y05F/z4EqC+5JlU6NM=",
        "owner": "GCBallesteros",
        "repo": "jupytext.nvim",
        "rev": "c8baf3ad344c59b3abd461ecc17fc16ec44d0f7b",
        "type": "github"
      },
      "original": {
        "owner": "GCBallesteros",
        "repo": "jupytext.nvim",
        "type": "github"
      }
    },
    "nixCats": {
      "locked": {
        "lastModified": 1768881789,
        "narHash": "sha256-HL6FJn4M0vb+42MWYllnR/sytckwUr73ksU0PRWRfms=",
        "owner": "BirdeeHub",
        "repo": "nixCats-nvim",
        "rev": "c9d00f06be53fa70025b53019ac4103300ca7dc7",
        "type": "github"
      },
      "original": {
        "owner": "BirdeeHub",
        "repo": "nixCats-nvim",
        "type": "github"
      }
    },
    "nixpkgs": {
      "locked": {
        "lastModified": 1768783163,
        "narHash": "sha256-tLj4KcRDLakrlpvboTJDKsrp6z2XLwyQ4Zmo+w8KsY4=",
        "owner": "nixos",
        "repo": "nixpkgs",
        "rev": "bde09022887110deb780067364a0818e89258968",
        "type": "github"
      },
      "original": {
        "owner": "nixos",
        "ref": "nixpkgs-unstable",
        "repo": "nixpkgs",
        "type": "github"
      }
    },
    "nvim-treesitter": {
      "flake": false,
      "locked": {
        "lastModified": 1768840565,
        "narHash": "sha256-/sirL6MCHjdpkQrCohpKMMSFlu/la35FFxr6iyczQ2g=",
        "ref": "main",
        "rev": "e75c007f2747050c2c620dc862c77b8f242551a8",
        "revCount": 6307,
        "type": "git",
        "url": "https://github.com/nvim-treesitter/nvim-treesitter"
      },
      "original": {
        "ref": "main",
        "type": "git",
        "url": "https://github.com/nvim-treesitter/nvim-treesitter"
      }
    },
    "nvim-treesitter-textobjects": {
      "flake": false,
      "locked": {
        "lastModified": 1768784270,
        "narHash": "sha256-uLugBNNJUqu4zEtPB2fy+abEOORnsmrznGy8VIvC9bQ=",
        "ref": "main",
        "rev": "4d55f63252e04c5212daed958e4e940915ff16ce",
        "revCount": 695,
        "type": "git",
        "url": "https://github.com/nvim-treesitter/nvim-treesitter-textobjects"
      },
      "original": {
        "ref": "main",
        "type": "git",
        "url": "https://github.com/nvim-treesitter/nvim-treesitter-textobjects"
      }
    },
    "root": {
      "inputs": {
        "jovian-nvim": "jovian-nvim",
        "jupytext-nvim": "jupytext-nvim",
        "nixCats": "nixCats",
        "nixpkgs": "nixpkgs",
        "nvim-treesitter": "nvim-treesitter",
        "nvim-treesitter-textobjects": "nvim-treesitter-textobjects"
      }
    }
  },
  "root": "root",
  "version": 7
}
