{
  "nodes": {
    "jovian": {
      "inputs": {
        "nixpkgs": "nixpkgs"
      },
      "locked": {
        "lastModified": 1778132521,
        "narHash": "sha256-fUlSsU8OYxD3isKd/bgjW4flYe1zVACSsTG7ClFIvyA=",
        "owner": "m-tky",
        "repo": "jovian.nvim",
        "rev": "61d4319884f4ad0123153102d452d271a9543be3",
        "type": "github"
      },
      "original": {
        "owner": "m-tky",
        "repo": "jovian.nvim",
        "type": "github"
      }
    },
    "jupytext-nvim": {
      "flake": false,
      "locked": {
        "lastModified": 1712342824,
        "narHash": "sha256-LBBRZOSqn70qruSA/vbPMTzS7y05F/z4EqC+5JlU6NM=",
        "owner": "GCBallesteros",
        "repo": "jupytext.nvim",
        "rev": "c8baf3ad344c59b3abd461ecc17fc16ec44d0f7b",
        "type": "github"
      },
      "original": {
        "owner": "GCBallesteros",
        "repo": "jupytext.nvim",
        "type": "github"
      }
    },
    "marp-nvim": {
      "flake": false,
      "locked": {
        "lastModified": 1722411115,
        "narHash": "sha256-CebyoqIBi8xT5U+aCBwptOSz89KxhXS27kAtPrRZvT8=",
        "owner": "mpas",
        "repo": "marp-nvim",
        "rev": "4f38e6ffe2f5ea260f35f7ff3e4e424b9f8bea29",
        "type": "github"
      },
      "original": {
        "owner": "mpas",
        "repo": "marp-nvim",
        "type": "github"
      }
    },
    "nixCats": {
      "locked": {
        "lastModified": 1777273601,
        "narHash": "sha256-xBUa8Tl9V7IXI+VmLEuDc81La/EhoSn1C3EVSnJ3cfU=",
        "owner": "BirdeeHub",
        "repo": "nixCats-nvim",
        "rev": "f69ea013e328841a7def7037ed59788a76be8816",
        "type": "github"
      },
      "original": {
        "owner": "BirdeeHub",
        "repo": "nixCats-nvim",
        "type": "github"
      }
    },
    "nixpkgs": {
      "locked": {
        "lastModified": 1777954456,
        "narHash": "sha256-hGdgeU2Nk87RAuZyYjyDjFL6LK7dAZN5RE9+hrDTkDU=",
        "owner": "NixOS",
        "repo": "nixpkgs",
        "rev": "549bd84d6279f9852cae6225e372cc67fb91a4c1",
        "type": "github"
      },
      "original": {
        "owner": "NixOS",
        "ref": "nixos-unstable",
        "repo": "nixpkgs",
        "type": "github"
      }
    },
    "nixpkgs_2": {
      "locked": {
        "lastModified": 1777946660,
        "narHash": "sha256-iw3XDIG6xxk+AZTcawCLHf6i9i4tXRzLZEoV9xhRToQ=",
        "owner": "nixos",
        "repo": "nixpkgs",
        "rev": "bc57abace07689cfd34203aa5fb4027514895987",
        "type": "github"
      },
      "original": {
        "owner": "nixos",
        "ref": "nixpkgs-unstable",
        "repo": "nixpkgs",
        "type": "github"
      }
    },
    "nvim-treesitter-textobjects": {
      "flake": false,
      "locked": {
        "lastModified": 1775552773,
        "narHash": "sha256-fOpRElIwvsFWm4AwETx7fpC3RtdH2BpCfX4YHVitqw0=",
        "ref": "main",
        "rev": "851e865342e5a4cb1ae23d31caf6e991e1c99f1e",
        "revCount": 703,
        "type": "git",
        "url": "https://github.com/nvim-treesitter/nvim-treesitter-textobjects"
      },
      "original": {
        "ref": "main",
        "type": "git",
        "url": "https://github.com/nvim-treesitter/nvim-treesitter-textobjects"
      }
    },
    "root": {
      "inputs": {
        "jovian": "jovian",
        "jupytext-nvim": "jupytext-nvim",
        "marp-nvim": "marp-nvim",
        "nixCats": "nixCats",
        "nixpkgs": "nixpkgs_2",
        "nvim-treesitter-textobjects": "nvim-treesitter-textobjects"
      }
    }
  },
  "root": "root",
  "version": 7
}
